%{"elixir_ale": {:hex, :elixir_ale, "0.5.7", "f6b978dd30dc3ecf2b5feaef862d30873c6a6fdca41fc7f6bb743d6783b3fe4b", [:make, :mix], [{:elixir_make, "~> 0.4", [hex: :elixir_make, optional: false]}]},
  "elixir_make": {:hex, :elixir_make, "0.4.0", "992f38fabe705bb45821a728f20914c554b276838433349d4f2341f7a687cddf", [:mix], []},
  "exprintf": {:hex, :exprintf, "0.2.1", "b7e895dfb00520cfb7fc1671303b63b37dc3897c59be7cbf1ae62f766a8a0314", [:mix], []},
  "matrix": {:hex, :matrix, "0.3.2", "9c826bc3a1117bf5e1c5cdcf3a3d95456c93bc2e127a04e363e9fc90b724f784", [:mix], [{:exprintf, "~> 0.1", [hex: :exprintf, optional: false]}]}}
